
Microsoft Visual Studio Solution File, Format Version 12.00
# Visual Studio Version 16
VisualStudioVersion = 16.0.30711.63
MinimumVisualStudioVersion = 10.0.40219.1
Project("{FAE04EC0-301F-11D3-BF4B-00C04F79EFBC}") = "RandomGenerator", "RandomGenerator\RandomGenerator.csproj", "{B6DECA4A-B48B-441C-BAE8-D054E72DB390}"
EndProject
Global
	GlobalSection(SolutionConfigurationPlatforms) = preSolution
		Debug|Any CPU = Debug|Any CPU
		Release|Any CPU = Release|Any CPU
	EndGlobalSection
	GlobalSection(ProjectConfigurationPlatforms) = postSolution
		{B6DECA4A-B48B-441C-BAE8-D054E72DB390}.Debug|Any CPU.ActiveCfg = Debug|Any CPU
		{B6DECA4A-B48B-441C-BAE8-D054E72DB390}.Debug|Any CPU.Build.0 = Debug|Any CPU
		{B6DECA4A-B48B-441C-BAE8-D054E72DB390}.Release|Any CPU.ActiveCfg = Release|Any CPU
		{B6DECA4A-B48B-441C-BAE8-D054E72DB390}.Release|Any CPU.Build.0 = Release|Any CPU
	EndGlobalSection
	GlobalSection(SolutionProperties) = preSolution
		HideSolutionNode = FALSE
	EndGlobalSection
	GlobalSection(ExtensibilityGlobals) = postSolution
		SolutionGuid = {028BEEC4-0D2D-4C80-914A-99390FD3F52B}
	EndGlobalSection
EndGlobal
